// !$*UTF8*$!
{
	archiveVersion = 1;
	classes = {
	};
	objectVersion = 46;
	objects = {

/* Begin PBXBuildFile section */
		654ECDEA1ADA02BF008EE147 /* EmotionFinderControl.framework in Frameworks */ = {isa = PBXBuildFile; fileRef = 6556C9031AD9A7E100F5EA69 /* EmotionFinderControl.framework */; };
		654ECDEB1ADA02BF008EE147 /* EmotionFinderControl.framework in Embed Frameworks */ = {isa = PBXBuildFile; fileRef = 6556C9031AD9A7E100F5EA69 /* EmotionFinderControl.framework */; settings = {ATTRIBUTES = (CodeSignOnCopy, RemoveHeadersOnCopy, ); }; };
		654ECDED1ADA02C4008EE147 /* Cartography.framework in Frameworks */ = {isa = PBXBuildFile; fileRef = 655A99EF1AD9F8530058DCA1 /* Cartography.framework */; };
		654ECDEE1ADA02C4008EE147 /* Cartography.framework in Embed Frameworks */ = {isa = PBXBuildFile; fileRef = 655A99EF1AD9F8530058DCA1 /* Cartography.framework */; settings = {ATTRIBUTES = (CodeSignOnCopy, RemoveHeadersOnCopy, ); }; };
		65A893C11AD9A6AC001058FA /* AppDelegate.swift in Sources */ = {isa = PBXBuildFile; fileRef = 65A893C01AD9A6AC001058FA /* AppDelegate.swift */; };
		65A893C41AD9A6AC001058FA /* EmotionFinderApp.xcdatamodeld in Sources */ = {isa = PBXBuildFile; fileRef = 65A893C21AD9A6AC001058FA /* EmotionFinderApp.xcdatamodeld */; };
		65A893C61AD9A6AC001058FA /* ViewController.swift in Sources */ = {isa = PBXBuildFile; fileRef = 65A893C51AD9A6AC001058FA /* ViewController.swift */; };
		65A893C91AD9A6AC001058FA /* Main.storyboard in Resources */ = {isa = PBXBuildFile; fileRef = 65A893C71AD9A6AC001058FA /* Main.storyboard */; };
		65A893CB1AD9A6AC001058FA /* Images.xcassets in Resources */ = {isa = PBXBuildFile; fileRef = 65A893CA1AD9A6AC001058FA /* Images.xcassets */; };
		65A893CE1AD9A6AC001058FA /* LaunchScreen.xib in Resources */ = {isa = PBXBuildFile; fileRef = 65A893CC1AD9A6AC001058FA /* LaunchScreen.xib */; };
		65A893DA1AD9A6AC001058FA /* EmotionFinderAppTests.swift in Sources */ = {isa = PBXBuildFile; fileRef = 65A893D91AD9A6AC001058FA /* EmotionFinderAppTests.swift */; };
/* End PBXBuildFile section */

/* Begin PBXContainerItemProxy section */
		65A893D41AD9A6AC001058FA /* PBXContainerItemProxy */ = {
			isa = PBXContainerItemProxy;
			containerPortal = 65A893B31AD9A6AB001058FA /* Project object */;
			proxyType = 1;
			remoteGlobalIDString = 65A893BA1AD9A6AC001058FA;
			remoteInfo = EmotionFinderApp;
		};
/* End PBXContainerItemProxy section */

/* Begin PBXCopyFilesBuildPhase section */
		654ECDEC1ADA02BF008EE147 /* Embed Frameworks */ = {
			isa = PBXCopyFilesBuildPhase;
			buildActionMask = 2147483647;
			dstPath = "";
			dstSubfolderSpec = 10;
			files = (
				654ECDEB1ADA02BF008EE147 /* EmotionFinderControl.framework in Embed Frameworks */,
				654ECDEE1ADA02C4008EE147 /* Cartography.framework in Embed Frameworks */,
			);
			name = "Embed Frameworks";
			runOnlyForDeploymentPostprocessing = 0;
		};
/* End PBXCopyFilesBuildPhase section */

/* Begin PBXFileReference section */
		6556C9031AD9A7E100F5EA69 /* EmotionFinderControl.framework */ = {isa = PBXFileReference; lastKnownFileType = wrapper.framework; path = EmotionFinderControl.framework; sourceTree = BUILT_PRODUCTS_DIR; };
		655A99EF1AD9F8530058DCA1 /* Cartography.framework */ = {isa = PBXFileReference; lastKnownFileType = wrapper.framework; path = Cartography.framework; sourceTree = BUILT_PRODUCTS_DIR; };
		65A893BB1AD9A6AC001058FA /* EmotionFinderApp.app */ = {isa = PBXFileReference; explicitFileType = wrapper.application; includeInIndex = 0; path = EmotionFinderApp.app; sourceTree = BUILT_PRODUCTS_DIR; };
		65A893BF1AD9A6AC001058FA /* Info.plist */ = {isa = PBXFileReference; lastKnownFileType = text.plist.xml; path = Info.plist; sourceTree = "<group>"; };
		65A893C01AD9A6AC001058FA /* AppDelegate.swift */ = {isa = PBXFileReference; lastKnownFileType = sourcecode.swift; path = AppDelegate.swift; sourceTree = "<group>"; };
		65A893C31AD9A6AC001058FA /* EmotionFinderApp.xcdatamodel */ = {isa = PBXFileReference; lastKnownFileType = wrapper.xcdatamodel; path = EmotionFinderApp.xcdatamodel; sourceTree = "<group>"; };
		65A893C51AD9A6AC001058FA /* ViewController.swift */ = {isa = PBXFileReference; lastKnownFileType = sourcecode.swift; path = ViewController.swift; sourceTree = "<group>"; };
		65A893C81AD9A6AC001058FA /* Base */ = {isa = PBXFileReference; lastKnownFileType = file.storyboard; name = Base; path = Base.lproj/Main.storyboard; sourceTree = "<group>"; };
		65A893CA1AD9A6AC001058FA /* Images.xcassets */ = {isa = PBXFileReference; lastKnownFileType = folder.assetcatalog; path = Images.xcassets; sourceTree = "<group>"; };
		65A893CD1AD9A6AC001058FA /* Base */ = {isa = PBXFileReference; lastKnownFileType = file.xib; name = Base; path = Base.lproj/LaunchScreen.xib; sourceTree = "<group>"; };
		65A893D31AD9A6AC001058FA /* EmotionFinderAppTests.xctest */ = {isa = PBXFileReference; explicitFileType = wrapper.cfbundle; includeInIndex = 0; path = EmotionFinderAppTests.xctest; sourceTree = BUILT_PRODUCTS_DIR; };
		65A893D81AD9A6AC001058FA /* Info.plist */ = {isa = PBXFileReference; lastKnownFileType = text.plist.xml; path = Info.plist; sourceTree = "<group>"; };
		65A893D91AD9A6AC001058FA /* EmotionFinderAppTests.swift */ = {isa = PBXFileReference; lastKnownFileType = sourcecode.swift; path = EmotionFinderAppTests.swift; sourceTree = "<group>"; };
/* End PBXFileReference section */

/* Begin PBXFrameworksBuildPhase section */
		65A893B81AD9A6AC001058FA /* Frameworks */ = {
			isa = PBXFrameworksBuildPhase;
			buildActionMask = 2147483647;
			files = (
				654ECDEA1ADA02BF008EE147 /* EmotionFinderControl.framework in Frameworks */,
				654ECDED1ADA02C4008EE147 /* Cartography.framework in Frameworks */,
			);
			runOnlyForDeploymentPostprocessing = 0;
		};
		65A893D01AD9A6AC001058FA /* Frameworks */ = {
			isa = PBXFrameworksBuildPhase;
			buildActionMask = 2147483647;
			files = (
			);
			runOnlyForDeploymentPostprocessing = 0;
		};
/* End PBXFrameworksBuildPhase section */

/* Begin PBXGroup section */
		6556C9051AD9A7F300F5EA69 /* Dependencies */ = {
			isa = PBXGroup;
			children = (
				655A99EF1AD9F8530058DCA1 /* Cartography.framework */,
				6556C9031AD9A7E100F5EA69 /* EmotionFinderControl.framework */,
			);
			name = Dependencies;
			sourceTree = "<group>";
		};
		65A893B21AD9A6AB001058FA = {
			isa = PBXGroup;
			children = (
				65A893BD1AD9A6AC001058FA /* EmotionFinderApp */,
				65A893D61AD9A6AC001058FA /* EmotionFinderAppTests */,
				6556C9051AD9A7F300F5EA69 /* Dependencies */,
				65A893BC1AD9A6AC001058FA /* Products */,
			);
			sourceTree = "<group>";
		};
		65A893BC1AD9A6AC001058FA /* Products */ = {
			isa = PBXGroup;
			children = (
				65A893BB1AD9A6AC001058FA /* EmotionFinderApp.app */,
				65A893D31AD9A6AC001058FA /* EmotionFinderAppTests.xctest */,
			);
			name = Products;
			sourceTree = "<group>";
		};
		65A893BD1AD9A6AC001058FA /* EmotionFinderApp */ = {
			isa = PBXGroup;
			children = (
				65A893C01AD9A6AC001058FA /* AppDelegate.swift */,
				65A893C51AD9A6AC001058FA /* ViewController.swift */,
				65A893C71AD9A6AC001058FA /* Main.storyboard */,
				65A893CA1AD9A6AC001058FA /* Images.xcassets */,
				65A893CC1AD9A6AC001058FA /* LaunchScreen.xib */,
				65A893C21AD9A6AC001058FA /* EmotionFinderApp.xcdatamodeld */,
				65A893BE1AD9A6AC001058FA /* Supporting Files */,
			);
			path = EmotionFinderApp;
			sourceTree = "<group>";
		};
		65A893BE1AD9A6AC001058FA /* Supporting Files */ = {
			isa = PBXGroup;
			children = (
				65A893BF1AD9A6AC001058FA /* Info.plist */,
			);
			name = "Supporting Files";
			sourceTree = "<group>";
		};
		65A893D61AD9A6AC001058FA /* EmotionFinderAppTests */ = {
			isa = PBXGroup;
			children = (
				65A893D91AD9A6AC001058FA /* EmotionFinderAppTests.swift */,
				65A893D71AD9A6AC001058FA /* Supporting Files */,
			);
			path = EmotionFinderAppTests;
			sourceTree = "<group>";
		};
		65A893D71AD9A6AC001058FA /* Supporting Files */ = {
			isa = PBXGroup;
			children = (
				65A893D81AD9A6AC001058FA /* Info.plist */,
			);
			name = "Supporting Files";
			sourceTree = "<group>";
		};
/* End PBXGroup section */

/* Begin PBXNativeTarget section */
		65A893BA1AD9A6AC001058FA /* EmotionFinderApp */ = {
			isa = PBXNativeTarget;
			buildConfigurationList = 65A893DD1AD9A6AC001058FA /* Build configuration list for PBXNativeTarget "EmotionFinderApp" */;
			buildPhases = (
				65A893B71AD9A6AC001058FA /* Sources */,
				65A893B81AD9A6AC001058FA /* Frameworks */,
				65A893B91AD9A6AC001058FA /* Resources */,
				654ECDEC1ADA02BF008EE147 /* Embed Frameworks */,
			);
			buildRules = (
			);
			dependencies = (
			);
			name = EmotionFinderApp;
			productName = EmotionFinderApp;
			productReference = 65A893BB1AD9A6AC001058FA /* EmotionFinderApp.app */;
			productType = "com.apple.product-type.application";
		};
		65A893D21AD9A6AC001058FA /* EmotionFinderAppTests */ = {
			isa = PBXNativeTarget;
			buildConfigurationList = 65A893E01AD9A6AC001058FA /* Build configuration list for PBXNativeTarget "EmotionFinderAppTests" */;
			buildPhases = (
				65A893CF1AD9A6AC001058FA /* Sources */,
				65A893D01AD9A6AC001058FA /* Frameworks */,
				65A893D11AD9A6AC001058FA /* Resources */,
			);
			buildRules = (
			);
			dependencies = (
				65A893D51AD9A6AC001058FA /* PBXTargetDependency */,
			);
			name = EmotionFinderAppTests;
			productName = EmotionFinderAppTests;
			productReference = 65A893D31AD9A6AC001058FA /* EmotionFinderAppTests.xctest */;
			productType = "com.apple.product-type.bundle.unit-test";
		};
/* End PBXNativeTarget section */

/* Begin PBXProject section */
		65A893B31AD9A6AB001058FA /* Project object */ = {
			isa = PBXProject;
			attributes = {
				LastUpgradeCheck = 0630;
				ORGANIZATIONNAME = AsherEnterprises;
				TargetAttributes = {
					65A893BA1AD9A6AC001058FA = {
						CreatedOnToolsVersion = 6.3;
					};
					65A893D21AD9A6AC001058FA = {
						CreatedOnToolsVersion = 6.3;
						TestTargetID = 65A893BA1AD9A6AC001058FA;
					};
				};
			};
			buildConfigurationList = 65A893B61AD9A6AB001058FA /* Build configuration list for PBXProject "EmotionFinderApp" */;
			compatibilityVersion = "Xcode 3.2";
			developmentRegion = English;
			hasScannedForEncodings = 0;
			knownRegions = (
				en,
				Base,
			);
			mainGroup = 65A893B21AD9A6AB001058FA;
			productRefGroup = 65A893BC1AD9A6AC001058FA /* Products */;
			projectDirPath = "";
			projectRoot = "";
			targets = (
				65A893BA1AD9A6AC001058FA /* EmotionFinderApp */,
				65A893D21AD9A6AC001058FA /* EmotionFinderAppTests */,
			);
		};
/* End PBXProject section */

/* Begin PBXResourcesBuildPhase section */
		65A893B91AD9A6AC001058FA /* Resources */ = {
			isa = PBXResourcesBuildPhase;
			buildActionMask = 2147483647;
			files = (
				65A893C91AD9A6AC001058FA /* Main.storyboard in Resources */,
				65A893CE1AD9A6AC001058FA /* LaunchScreen.xib in Resources */,
				65A893CB1AD9A6AC001058FA /* Images.xcassets in Resources */,
			);
			runOnlyForDeploymentPostprocessing = 0;
		};
		65A893D11AD9A6AC001058FA /* Resources */ = {
			isa = PBXResourcesBuildPhase;
			buildActionMask = 2147483647;
			files = (
			);
			runOnlyForDeploymentPostprocessing = 0;
		};
/* End PBXResourcesBuildPhase section */

/* Begin PBXSourcesBuildPhase section */
		65A893B71AD9A6AC001058FA /* Sources */ = {
			isa = PBXSourcesBuildPhase;
			buildActionMask = 2147483647;
			files = (
				65A893C61AD9A6AC001058FA /* ViewController.swift in Sources */,
				65A893C11AD9A6AC001058FA /* AppDelegate.swift in Sources */,
				65A893C41AD9A6AC001058FA /* EmotionFinderApp.xcdatamodeld in Sources */,
			);
			runOnlyForDeploymentPostprocessing = 0;
		};
		65A893CF1AD9A6AC001058FA /* Sources */ = {
			isa = PBXSourcesBuildPhase;
			buildActionMask = 2147483647;
			files = (
				65A893DA1AD9A6AC001058FA /* EmotionFinderAppTests.swift in Sources */,
			);
			runOnlyForDeploymentPostprocessing = 0;
		};
/* End PBXSourcesBuildPhase section */

/* Begin PBXTargetDependency section */
		65A893D51AD9A6AC001058FA /* PBXTargetDependency */ = {
			isa = PBXTargetDependency;
			target = 65A893BA1AD9A6AC001058FA /* EmotionFinderApp */;
			targetProxy = 65A893D41AD9A6AC001058FA /* PBXContainerItemProxy */;
		};
/* End PBXTargetDependency section */

/* Begin PBXVariantGroup section */
		65A893C71AD9A6AC001058FA /* Main.storyboard */ = {
			isa = PBXVariantGroup;
			children = (
				65A893C81AD9A6AC001058FA /* Base */,
			);
			name = Main.storyboard;
			sourceTree = "<group>";
		};
		65A893CC1AD9A6AC001058FA /* LaunchScreen.xib */ = {
			isa = PBXVariantGroup;
			children = (
				65A893CD1AD9A6AC001058FA /* Base */,
			);
			name = LaunchScreen.xib;
			sourceTree = "<group>";
		};
/* End PBXVariantGroup section */

/* Begin XCBuildConfiguration section */
		65A893DB1AD9A6AC001058FA /* Debug */ = {
			isa = XCBuildConfiguration;
			buildSettings = {
				ALWAYS_SEARCH_USER_PATHS = NO;
				CLANG_CXX_LANGUAGE_STANDARD = "gnu++0x";
				CLANG_CXX_LIBRARY = "libc++";
				CLANG_ENABLE_MODULES = YES;
				CLANG_ENABLE_OBJC_ARC = YES;
				CLANG_WARN_BOOL_CONVERSION = YES;
				CLANG_WARN_CONSTANT_CONVERSION = YES;
				CLANG_WARN_DIRECT_OBJC_ISA_USAGE = YES_ERROR;
				CLANG_WARN_EMPTY_BODY = YES;
				CLANG_WARN_ENUM_CONVERSION = YES;
				CLANG_WARN_INT_CONVERSION = YES;
				CLANG_WARN_OBJC_ROOT_CLASS = YES_ERROR;
				CLANG_WARN_UNREACHABLE_CODE = YES;
				CLANG_WARN__DUPLICATE_METHOD_MATCH = YES;
				"CODE_SIGN_IDENTITY[sdk=iphoneos*]" = "iPhone Developer";
				COPY_PHASE_STRIP = NO;
				DEBUG_INFORMATION_FORMAT = "dwarf-with-dsym";
				ENABLE_STRICT_OBJC_MSGSEND = YES;
				GCC_C_LANGUAGE_STANDARD = gnu99;
				GCC_DYNAMIC_NO_PIC = NO;
				GCC_NO_COMMON_BLOCKS = YES;
				GCC_OPTIMIZATION_LEVEL = 0;
				GCC_PREPROCESSOR_DEFINITIONS = (
					"DEBUG=1",
					"$(inherited)",
				);
				GCC_SYMBOLS_PRIVATE_EXTERN = NO;
				GCC_WARN_64_TO_32_BIT_CONVERSION = YES;
				GCC_WARN_ABOUT_RETURN_TYPE = YES_ERROR;
				GCC_WARN_UNDECLARED_SELECTOR = YES;
				GCC_WARN_UNINITIALIZED_AUTOS = YES_AGGRESSIVE;
				GCC_WARN_UNUSED_FUNCTION = YES;
				GCC_WARN_UNUSED_VARIABLE = YES;
				IPHONEOS_DEPLOYMENT_TARGET = 8.1;
				MTL_ENABLE_DEBUG_INFO = YES;
				ONLY_ACTIVE_ARCH = YES;
				SDKROOT = iphoneos;
				SWIFT_OPTIMIZATION_LEVEL = "-Onone";
				TARGETED_DEVICE_FAMILY = "1,2";
			};
			name = Debug;
		};
		65A893DC1AD9A6AC001058FA /* Release */ = {
			isa = XCBuildConfiguration;
			buildSettings = {
				ALWAYS_SEARCH_USER_PATHS = NO;
				CLANG_CXX_LANGUAGE_STANDARD = "gnu++0x";
				CLANG_CXX_LIBRARY = "libc++";
				CLANG_ENABLE_MODULES = YES;
				CLANG_ENABLE_OBJC_ARC = YES;
				CLANG_WARN_BOOL_CONVERSION = YES;
				CLANG_WARN_CONSTANT_CONVERSION = YES;
				CLANG_WARN_DIRECT_OBJC_ISA_USAGE = YES_ERROR;
				CLANG_WARN_EMPTY_BODY = YES;
				CLANG_WARN_ENUM_CONVERSION = YES;
				CLANG_WARN_INT_CONVERSION = YES;
				CLANG_WARN_OBJC_ROOT_CLASS = YES_ERROR;
				CLANG_WARN_UNREACHABLE_CODE = YES;
				CLANG_WARN__DUPLICATE_METHOD_MATCH = YES;
				"CODE_SIGN_IDENTITY[sdk=iphoneos*]" = "iPhone Developer";
				COPY_PHASE_STRIP = NO;
				DEBUG_INFORMATION_FORMAT = "dwarf-with-dsym";
				ENABLE_NS_ASSERTIONS = NO;
				ENABLE_STRICT_OBJC_MSGSEND = YES;
				GCC_C_LANGUAGE_STANDARD = gnu99;
				GCC_NO_COMMON_BLOCKS = YES;
				GCC_WARN_64_TO_32_BIT_CONVERSION = YES;
				GCC_WARN_ABOUT_RETURN_TYPE = YES_ERROR;
				GCC_WARN_UNDECLARED_SELECTOR = YES;
				GCC_WARN_UNINITIALIZED_AUTOS = YES_AGGRESSIVE;
				GCC_WARN_UNUSED_FUNCTION = YES;
				GCC_WARN_UNUSED_VARIABLE = YES;
				IPHONEOS_DEPLOYMENT_TARGET = 8.1;
				MTL_ENABLE_DEBUG_INFO = NO;
				SDKROOT = iphoneos;
				TARGETED_DEVICE_FAMILY = "1,2";
				VALIDATE_PRODUCT = YES;
			};
			name = Release;
		};
		65A893DE1AD9A6AC001058FA /* Debug */ = {
			isa = XCBuildConfiguration;
			buildSettings = {
				ASSETCATALOG_COMPILER_APPICON_NAME = AppIcon;
				FRAMEWORK_SEARCH_PATHS = (
					"$(inherited)",
					"$(USER_LIBRARY_DIR)/Developer/Xcode/DerivedData/EmotionFinder-hecjwtprwyicqigknfenclhdujyz/Build/Products/Debug-iphoneos",
				);
				INFOPLIST_FILE = EmotionFinderApp/Info.plist;
				LD_RUNPATH_SEARCH_PATHS = "$(inherited) @executable_path/Frameworks";
				PRODUCT_NAME = "$(TARGET_NAME)";
			};
			name = Debug;
		};
		65A893DF1AD9A6AC001058FA /* Release */ = {
			isa = XCBuildConfiguration;
			buildSettings = {
				ASSETCATALOG_COMPILER_APPICON_NAME = AppIcon;
				FRAMEWORK_SEARCH_PATHS = (
					"$(inherited)",
					"$(USER_LIBRARY_DIR)/Developer/Xcode/DerivedData/EmotionFinder-hecjwtprwyicqigknfenclhdujyz/Build/Products/Debug-iphoneos",
				);
				INFOPLIST_FILE = EmotionFinderApp/Info.plist;
				LD_RUNPATH_SEARCH_PATHS = "$(inherited) @executable_path/Frameworks";
				PRODUCT_NAME = "$(TARGET_NAME)";
			};
			name = Release;
		};
		65A893E11AD9A6AC001058FA /* Debug */ = {
			isa = XCBuildConfiguration;
			buildSettings = {
				BUNDLE_LOADER = "$(TEST_HOST)";
				FRAMEWORK_SEARCH_PATHS = (
					"$(SDKROOT)/Developer/Library/Frameworks",
					"$(inherited)",
				);
				GCC_PREPROCESSOR_DEFINITIONS = (
					"DEBUG=1",
					"$(inherited)",
				);
				INFOPLIST_FILE = EmotionFinderAppTests/Info.plist;
				LD_RUNPATH_SEARCH_PATHS = "$(inherited) @executable_path/Frameworks @loader_path/Frameworks";
				PRODUCT_NAME = "$(TARGET_NAME)";
				TEST_HOST = "$(BUILT_PRODUCTS_DIR)/EmotionFinderApp.app/EmotionFinderApp";
			};
			name = Debug;
		};
		65A893E21AD9A6AC001058FA /* Release */ = {
			isa = XCBuildConfiguration;
			buildSettings = {
				BUNDLE_LOADER = "$(TEST_HOST)";
				FRAMEWORK_SEARCH_PATHS = (
					"$(SDKROOT)/Developer/Library/Frameworks",
					"$(inherited)",
				);
				INFOPLIST_FILE = EmotionFinderAppTests/Info.plist;
				LD_RUNPATH_SEARCH_PATHS = "$(inherited) @executable_path/Frameworks @loader_path/Frameworks";
				PRODUCT_NAME = "$(TARGET_NAME)";
				TEST_HOST = "$(BUILT_PRODUCTS_DIR)/EmotionFinderApp.app/EmotionFinderApp";
			};
			name = Release;
		};
/* End XCBuildConfiguration section */

/* Begin XCConfigurationList section */
		65A893B61AD9A6AB001058FA /* Build configuration list for PBXProject "EmotionFinderApp" */ = {
			isa = XCConfigurationList;
			buildConfigurations = (
				65A893DB1AD9A6AC001058FA /* Debug */,
				65A893DC1AD9A6AC001058FA /* Release */,
			);
			defaultConfigurationIsVisible = 0;
			defaultConfigurationName = Release;
		};
		65A893DD1AD9A6AC001058FA /* Build configuration list for PBXNativeTarget "EmotionFinderApp" */ = {
			isa = XCConfigurationList;
			buildConfigurations = (
				65A893DE1AD9A6AC001058FA /* Debug */,
				65A893DF1AD9A6AC001058FA /* Release */,
			);
			defaultConfigurationIsVisible = 0;
			defaultConfigurationName = Release;
		};
		65A893E01AD9A6AC001058FA /* Build configuration list for PBXNativeTarget "EmotionFinderAppTests" */ = {
			isa = XCConfigurationList;
			buildConfigurations = (
				65A893E11AD9A6AC001058FA /* Debug */,
				65A893E21AD9A6AC001058FA /* Release */,
			);
			defaultConfigurationIsVisible = 0;
			defaultConfigurationName = Release;
		};
/* End XCConfigurationList section */

/* Begin XCVersionGroup section */
		65A893C21AD9A6AC001058FA /* EmotionFinderApp.xcdatamodeld */ = {
			isa = XCVersionGroup;
			children = (
				65A893C31AD9A6AC001058FA /* EmotionFinderApp.xcdatamodel */,
			);
			currentVersion = 65A893C31AD9A6AC001058FA /* EmotionFinderApp.xcdatamodel */;
			path = EmotionFinderApp.xcdatamodeld;
			sourceTree = "<group>";
			versionGroupType = wrapper.xcdatamodel;
		};
/* End XCVersionGroup section */
	};
	rootObject = 65A893B31AD9A6AB001058FA /* Project object */;
}
